
Microsoft Visual Studio Solution File, Format Version 12.00
# Visual Studio Version 17
VisualStudioVersion = 17.8.34309.116
MinimumVisualStudioVersion = 10.0.40219.1
Project("{FAE04EC0-301F-11D3-BF4B-00C04F79EFBC}") = "WpfAppConsumer", "WpfAppConsumer\WpfAppConsumer.csproj", "{16D12F38-9324-4628-81D3-572E4C476C03}"
EndProject
Global
	GlobalSection(SolutionConfigurationPlatforms) = preSolution
		Debug|Any CPU = Debug|Any CPU
		Release|Any CPU = Release|Any CPU
	EndGlobalSection
	GlobalSection(ProjectConfigurationPlatforms) = postSolution
		{16D12F38-9324-4628-81D3-572E4C476C03}.Debug|Any CPU.ActiveCfg = Debug|Any CPU
		{16D12F38-9324-4628-81D3-572E4C476C03}.Debug|Any CPU.Build.0 = Debug|Any CPU
		{16D12F38-9324-4628-81D3-572E4C476C03}.Release|Any CPU.ActiveCfg = Release|Any CPU
		{16D12F38-9324-4628-81D3-572E4C476C03}.Release|Any CPU.Build.0 = Release|Any CPU
	EndGlobalSection
	GlobalSection(SolutionProperties) = preSolution
		HideSolutionNode = FALSE
	EndGlobalSection
	GlobalSection(ExtensibilityGlobals) = postSolution
		SolutionGuid = {772ED72C-48C1-498E-A567-EF4872D935A9}
	EndGlobalSection
EndGlobal
